// !$*UTF8*$!
{
	archiveVersion = 1;
	classes = {
	};
	objectVersion = 46;
	objects = {

/* Begin PBXBuildFile section */
		C431D9C21EC03F150081799B /* main.m in Sources */ = {isa = PBXBuildFile; fileRef = C431D9C11EC03F150081799B /* main.m */; };
		C431D9C51EC03F150081799B /* AppDelegate.m in Sources */ = {isa = PBXBuildFile; fileRef = C431D9C41EC03F150081799B /* AppDelegate.m */; };
		C431D9CB1EC03F150081799B /* Main.storyboard in Resources */ = {isa = PBXBuildFile; fileRef = C431D9C91EC03F150081799B /* Main.storyboard */; };
		C431D9CD1EC03F150081799B /* Assets.xcassets in Resources */ = {isa = PBXBuildFile; fileRef = C431D9CC1EC03F150081799B /* Assets.xcassets */; };
		C431D9D01EC03F150081799B /* LaunchScreen.storyboard in Resources */ = {isa = PBXBuildFile; fileRef = C431D9CE1EC03F150081799B /* LaunchScreen.storyboard */; };
		C431D9F11EC043B50081799B /* ViewController.m in Sources */ = {isa = PBXBuildFile; fileRef = C431D9E81EC043B50081799B /* ViewController.m */; };
		C431D9F21EC043B50081799B /* ViewController2.m in Sources */ = {isa = PBXBuildFile; fileRef = C431D9EA1EC043B50081799B /* ViewController2.m */; };
		C431D9F51EC043B50081799B /* 123.png in Resources */ = {isa = PBXBuildFile; fileRef = C431D9EE1EC043B50081799B /* 123.png */; };
		C431D9F61EC043B50081799B /* 背景.jpg in Resources */ = {isa = PBXBuildFile; fileRef = C431D9EF1EC043B50081799B /* 背景.jpg */; };
		C431D9F71EC043B50081799B /* 美女.jpg in Resources */ = {isa = PBXBuildFile; fileRef = C431D9F01EC043B50081799B /* 美女.jpg */; };
		C43D26431EF77FC200CD078C /* BAActionSheet.m in Sources */ = {isa = PBXBuildFile; fileRef = C43D26391EF77FC200CD078C /* BAActionSheet.m */; };
		C43D26441EF77FC200CD078C /* BAActionSheetCell.m in Sources */ = {isa = PBXBuildFile; fileRef = C43D263B1EF77FC200CD078C /* BAActionSheetCell.m */; };
		C43D26451EF77FC200CD078C /* BAAlert.bundle in Resources */ = {isa = PBXBuildFile; fileRef = C43D263C1EF77FC200CD078C /* BAAlert.bundle */; };
		C43D26461EF77FC200CD078C /* BAAlert.m in Sources */ = {isa = PBXBuildFile; fileRef = C43D263E1EF77FC200CD078C /* BAAlert.m */; };
		C43D26471EF77FC200CD078C /* CALayer+Animation.m in Sources */ = {isa = PBXBuildFile; fileRef = C43D26421EF77FC200CD078C /* CALayer+Animation.m */; };
		C46BF7E31EC5BC5C00A56A25 /* CustomView.m in Sources */ = {isa = PBXBuildFile; fileRef = C46BF7E21EC5BC5C00A56A25 /* CustomView.m */; };
/* End PBXBuildFile section */

/* Begin PBXFileReference section */
		C431D9BD1EC03F150081799B /* BAAlert.app */ = {isa = PBXFileReference; explicitFileType = wrapper.application; includeInIndex = 0; path = BAAlert.app; sourceTree = BUILT_PRODUCTS_DIR; };
		C431D9C11EC03F150081799B /* main.m */ = {isa = PBXFileReference; lastKnownFileType = sourcecode.c.objc; path = main.m; sourceTree = "<group>"; };
		C431D9C31EC03F150081799B /* AppDelegate.h */ = {isa = PBXFileReference; lastKnownFileType = sourcecode.c.h; path = AppDelegate.h; sourceTree = "<group>"; };
		C431D9C41EC03F150081799B /* AppDelegate.m */ = {isa = PBXFileReference; lastKnownFileType = sourcecode.c.objc; path = AppDelegate.m; sourceTree = "<group>"; };
		C431D9CA1EC03F150081799B /* Base */ = {isa = PBXFileReference; lastKnownFileType = file.storyboard; name = Base; path = Base.lproj/Main.storyboard; sourceTree = "<group>"; };
		C431D9CC1EC03F150081799B /* Assets.xcassets */ = {isa = PBXFileReference; lastKnownFileType = folder.assetcatalog; path = Assets.xcassets; sourceTree = "<group>"; };
		C431D9CF1EC03F150081799B /* Base */ = {isa = PBXFileReference; lastKnownFileType = file.storyboard; name = Base; path = Base.lproj/LaunchScreen.storyboard; sourceTree = "<group>"; };
		C431D9D11EC03F150081799B /* Info.plist */ = {isa = PBXFileReference; lastKnownFileType = text.plist.xml; path = Info.plist; sourceTree = "<group>"; };
		C431D9E71EC043B50081799B /* ViewController.h */ = {isa = PBXFileReference; fileEncoding = 4; lastKnownFileType = sourcecode.c.h; path = ViewController.h; sourceTree = "<group>"; };
		C431D9E81EC043B50081799B /* ViewController.m */ = {isa = PBXFileReference; fileEncoding = 4; lastKnownFileType = sourcecode.c.objc; path = ViewController.m; sourceTree = "<group>"; };
		C431D9E91EC043B50081799B /* ViewController2.h */ = {isa = PBXFileReference; fileEncoding = 4; lastKnownFileType = sourcecode.c.h; path = ViewController2.h; sourceTree = "<group>"; };
		C431D9EA1EC043B50081799B /* ViewController2.m */ = {isa = PBXFileReference; fileEncoding = 4; lastKnownFileType = sourcecode.c.objc; path = ViewController2.m; sourceTree = "<group>"; };
		C431D9EE1EC043B50081799B /* 123.png */ = {isa = PBXFileReference; lastKnownFileType = image.png; path = 123.png; sourceTree = "<group>"; };
		C431D9EF1EC043B50081799B /* 背景.jpg */ = {isa = PBXFileReference; lastKnownFileType = image.jpeg; path = "背景.jpg"; sourceTree = "<group>"; };
		C431D9F01EC043B50081799B /* 美女.jpg */ = {isa = PBXFileReference; lastKnownFileType = image.jpeg; path = "美女.jpg"; sourceTree = "<group>"; };
		C43D26381EF77FC200CD078C /* BAActionSheet.h */ = {isa = PBXFileReference; fileEncoding = 4; lastKnownFileType = sourcecode.c.h; path = BAActionSheet.h; sourceTree = "<group>"; };
		C43D26391EF77FC200CD078C /* BAActionSheet.m */ = {isa = PBXFileReference; fileEncoding = 4; lastKnownFileType = sourcecode.c.objc; path = BAActionSheet.m; sourceTree = "<group>"; };
		C43D263A1EF77FC200CD078C /* BAActionSheetCell.h */ = {isa = PBXFileReference; fileEncoding = 4; lastKnownFileType = sourcecode.c.h; path = BAActionSheetCell.h; sourceTree = "<group>"; };
		C43D263B1EF77FC200CD078C /* BAActionSheetCell.m */ = {isa = PBXFileReference; fileEncoding = 4; lastKnownFileType = sourcecode.c.objc; path = BAActionSheetCell.m; sourceTree = "<group>"; };
		C43D263C1EF77FC200CD078C /* BAAlert.bundle */ = {isa = PBXFileReference; lastKnownFileType = "wrapper.plug-in"; path = BAAlert.bundle; sourceTree = "<group>"; };
		C43D263D1EF77FC200CD078C /* BAAlert.h */ = {isa = PBXFileReference; fileEncoding = 4; lastKnownFileType = sourcecode.c.h; path = BAAlert.h; sourceTree = "<group>"; };
		C43D263E1EF77FC200CD078C /* BAAlert.m */ = {isa = PBXFileReference; fileEncoding = 4; lastKnownFileType = sourcecode.c.objc; path = BAAlert.m; sourceTree = "<group>"; };
		C43D263F1EF77FC200CD078C /* BAAlert_Config.h */ = {isa = PBXFileReference; fileEncoding = 4; lastKnownFileType = sourcecode.c.h; path = BAAlert_Config.h; sourceTree = "<group>"; };
		C43D26401EF77FC200CD078C /* BAAlert_OC.h */ = {isa = PBXFileReference; fileEncoding = 4; lastKnownFileType = sourcecode.c.h; path = BAAlert_OC.h; sourceTree = "<group>"; };
		C43D26411EF77FC200CD078C /* CALayer+Animation.h */ = {isa = PBXFileReference; fileEncoding = 4; lastKnownFileType = sourcecode.c.h; path = "CALayer+Animation.h"; sourceTree = "<group>"; };
		C43D26421EF77FC200CD078C /* CALayer+Animation.m */ = {isa = PBXFileReference; fileEncoding = 4; lastKnownFileType = sourcecode.c.objc; path = "CALayer+Animation.m"; sourceTree = "<group>"; };
		C43D26481EF77FE100CD078C /* BAKit_ConfigurationDefine.h */ = {isa = PBXFileReference; fileEncoding = 4; lastKnownFileType = sourcecode.c.h; path = BAKit_ConfigurationDefine.h; sourceTree = "<group>"; };
		C46BF7E11EC5BC5C00A56A25 /* CustomView.h */ = {isa = PBXFileReference; fileEncoding = 4; lastKnownFileType = sourcecode.c.h; path = CustomView.h; sourceTree = "<group>"; };
		C46BF7E21EC5BC5C00A56A25 /* CustomView.m */ = {isa = PBXFileReference; fileEncoding = 4; lastKnownFileType = sourcecode.c.objc; path = CustomView.m; sourceTree = "<group>"; };
/* End PBXFileReference section */

/* Begin PBXFrameworksBuildPhase section */
		C431D9BA1EC03F150081799B /* Frameworks */ = {
			isa = PBXFrameworksBuildPhase;
			buildActionMask = 2147483647;
			files = (
			);
			runOnlyForDeploymentPostprocessing = 0;
		};
/* End PBXFrameworksBuildPhase section */

/* Begin PBXGroup section */
		C431D9B41EC03F150081799B = {
			isa = PBXGroup;
			children = (
				C431D9BF1EC03F150081799B /* BAAlert */,
				C431D9BE1EC03F150081799B /* Products */,
			);
			sourceTree = "<group>";
		};
		C431D9BE1EC03F150081799B /* Products */ = {
			isa = PBXGroup;
			children = (
				C431D9BD1EC03F150081799B /* BAAlert.app */,
			);
			name = Products;
			sourceTree = "<group>";
		};
		C431D9BF1EC03F150081799B /* BAAlert */ = {
			isa = PBXGroup;
			children = (
				C431D9D71EC03F4C0081799B /* BAAlert */,
				C431D9C31EC03F150081799B /* AppDelegate.h */,
				C431D9C41EC03F150081799B /* AppDelegate.m */,
				C431D9E71EC043B50081799B /* ViewController.h */,
				C431D9E81EC043B50081799B /* ViewController.m */,
				C46BF7E11EC5BC5C00A56A25 /* CustomView.h */,
				C46BF7E21EC5BC5C00A56A25 /* CustomView.m */,
				C431D9E91EC043B50081799B /* ViewController2.h */,
				C431D9EA1EC043B50081799B /* ViewController2.m */,
				C431D9EE1EC043B50081799B /* 123.png */,
				C431D9EF1EC043B50081799B /* 背景.jpg */,
				C431D9F01EC043B50081799B /* 美女.jpg */,
				C431D9C91EC03F150081799B /* Main.storyboard */,
				C431D9CC1EC03F150081799B /* Assets.xcassets */,
				C431D9CE1EC03F150081799B /* LaunchScreen.storyboard */,
				C431D9D11EC03F150081799B /* Info.plist */,
				C431D9C01EC03F150081799B /* Supporting Files */,
			);
			path = BAAlert;
			sourceTree = "<group>";
		};
		C431D9C01EC03F150081799B /* Supporting Files */ = {
			isa = PBXGroup;
			children = (
				C431D9C11EC03F150081799B /* main.m */,
			);
			name = "Supporting Files";
			sourceTree = "<group>";
		};
		C431D9D71EC03F4C0081799B /* BAAlert */ = {
			isa = PBXGroup;
			children = (
				C43D26401EF77FC200CD078C /* BAAlert_OC.h */,
				C43D263F1EF77FC200CD078C /* BAAlert_Config.h */,
				C43D26481EF77FE100CD078C /* BAKit_ConfigurationDefine.h */,
				C43D263D1EF77FC200CD078C /* BAAlert.h */,
				C43D263E1EF77FC200CD078C /* BAAlert.m */,
				C43D26381EF77FC200CD078C /* BAActionSheet.h */,
				C43D26391EF77FC200CD078C /* BAActionSheet.m */,
				C43D263A1EF77FC200CD078C /* BAActionSheetCell.h */,
				C43D263B1EF77FC200CD078C /* BAActionSheetCell.m */,
				C43D263C1EF77FC200CD078C /* BAAlert.bundle */,
				C43D26411EF77FC200CD078C /* CALayer+Animation.h */,
				C43D26421EF77FC200CD078C /* CALayer+Animation.m */,
			);
			path = BAAlert;
			sourceTree = "<group>";
		};
/* End PBXGroup section */

/* Begin PBXNativeTarget section */
		C431D9BC1EC03F150081799B /* BAAlert */ = {
			isa = PBXNativeTarget;
			buildConfigurationList = C431D9D41EC03F150081799B /* Build configuration list for PBXNativeTarget "BAAlert" */;
			buildPhases = (
				C431D9B91EC03F150081799B /* Sources */,
				C431D9BA1EC03F150081799B /* Frameworks */,
				C431D9BB1EC03F150081799B /* Resources */,
			);
			buildRules = (
			);
			dependencies = (
			);
			name = BAAlert;
			productName = BAAlert;
			productReference = C431D9BD1EC03F150081799B /* BAAlert.app */;
			productType = "com.apple.product-type.application";
		};
/* End PBXNativeTarget section */

/* Begin PBXProject section */
		C431D9B51EC03F150081799B /* Project object */ = {
			isa = PBXProject;
			attributes = {
				LastUpgradeCheck = 0830;
				ORGANIZATIONNAME = boai;
				TargetAttributes = {
					C431D9BC1EC03F150081799B = {
						CreatedOnToolsVersion = 8.3.2;
						DevelopmentTeam = 8JQ2PK6XN8;
						ProvisioningStyle = Automatic;
					};
				};
			};
			buildConfigurationList = C431D9B81EC03F150081799B /* Build configuration list for PBXProject "BAAlert" */;
			compatibilityVersion = "Xcode 3.2";
			developmentRegion = English;
			hasScannedForEncodings = 0;
			knownRegions = (
				en,
				Base,
			);
			mainGroup = C431D9B41EC03F150081799B;
			productRefGroup = C431D9BE1EC03F150081799B /* Products */;
			projectDirPath = "";
			projectRoot = "";
			targets = (
				C431D9BC1EC03F150081799B /* BAAlert */,
			);
		};
/* End PBXProject section */

/* Begin PBXResourcesBuildPhase section */
		C431D9BB1EC03F150081799B /* Resources */ = {
			isa = PBXResourcesBuildPhase;
			buildActionMask = 2147483647;
			files = (
				C431D9F51EC043B50081799B /* 123.png in Resources */,
				C431D9D01EC03F150081799B /* LaunchScreen.storyboard in Resources */,
				C43D26451EF77FC200CD078C /* BAAlert.bundle in Resources */,
				C431D9CD1EC03F150081799B /* Assets.xcassets in Resources */,
				C431D9CB1EC03F150081799B /* Main.storyboard in Resources */,
				C431D9F61EC043B50081799B /* 背景.jpg in Resources */,
				C431D9F71EC043B50081799B /* 美女.jpg in Resources */,
			);
			runOnlyForDeploymentPostprocessing = 0;
		};
/* End PBXResourcesBuildPhase section */

/* Begin PBXSourcesBuildPhase section */
		C431D9B91EC03F150081799B /* Sources */ = {
			isa = PBXSourcesBuildPhase;
			buildActionMask = 2147483647;
			files = (
				C43D26431EF77FC200CD078C /* BAActionSheet.m in Sources */,
				C431D9F11EC043B50081799B /* ViewController.m in Sources */,
				C431D9C51EC03F150081799B /* AppDelegate.m in Sources */,
				C43D26471EF77FC200CD078C /* CALayer+Animation.m in Sources */,
				C43D26441EF77FC200CD078C /* BAActionSheetCell.m in Sources */,
				C431D9C21EC03F150081799B /* main.m in Sources */,
				C46BF7E31EC5BC5C00A56A25 /* CustomView.m in Sources */,
				C431D9F21EC043B50081799B /* ViewController2.m in Sources */,
				C43D26461EF77FC200CD078C /* BAAlert.m in Sources */,
			);
			runOnlyForDeploymentPostprocessing = 0;
		};
/* End PBXSourcesBuildPhase section */

/* Begin PBXVariantGroup section */
		C431D9C91EC03F150081799B /* Main.storyboard */ = {
			isa = PBXVariantGroup;
			children = (
				C431D9CA1EC03F150081799B /* Base */,
			);
			name = Main.storyboard;
			sourceTree = "<group>";
		};
		C431D9CE1EC03F150081799B /* LaunchScreen.storyboard */ = {
			isa = PBXVariantGroup;
			children = (
				C431D9CF1EC03F150081799B /* Base */,
			);
			name = LaunchScreen.storyboard;
			sourceTree = "<group>";
		};
/* End PBXVariantGroup section */

/* Begin XCBuildConfiguration section */
		C431D9D21EC03F150081799B /* Debug */ = {
			isa = XCBuildConfiguration;
			buildSettings = {
				ALWAYS_SEARCH_USER_PATHS = NO;
				CLANG_ANALYZER_NONNULL = YES;
				CLANG_ANALYZER_NUMBER_OBJECT_CONVERSION = YES_AGGRESSIVE;
				CLANG_CXX_LANGUAGE_STANDARD = "gnu++0x";
				CLANG_CXX_LIBRARY = "libc++";
				CLANG_ENABLE_MODULES = YES;
				CLANG_ENABLE_OBJC_ARC = YES;
				CLANG_WARN_BOOL_CONVERSION = YES;
				CLANG_WARN_CONSTANT_CONVERSION = YES;
				CLANG_WARN_DIRECT_OBJC_ISA_USAGE = YES_ERROR;
				CLANG_WARN_DOCUMENTATION_COMMENTS = YES;
				CLANG_WARN_EMPTY_BODY = YES;
				CLANG_WARN_ENUM_CONVERSION = YES;
				CLANG_WARN_INFINITE_RECURSION = YES;
				CLANG_WARN_INT_CONVERSION = YES;
				CLANG_WARN_OBJC_ROOT_CLASS = YES_ERROR;
				CLANG_WARN_SUSPICIOUS_MOVE = YES;
				CLANG_WARN_UNREACHABLE_CODE = YES;
				CLANG_WARN__DUPLICATE_METHOD_MATCH = YES;
				"CODE_SIGN_IDENTITY[sdk=iphoneos*]" = "iPhone Developer";
				COPY_PHASE_STRIP = NO;
				DEBUG_INFORMATION_FORMAT = dwarf;
				ENABLE_STRICT_OBJC_MSGSEND = YES;
				ENABLE_TESTABILITY = YES;
				GCC_C_LANGUAGE_STANDARD = gnu99;
				GCC_DYNAMIC_NO_PIC = NO;
				GCC_NO_COMMON_BLOCKS = YES;
				GCC_OPTIMIZATION_LEVEL = 0;
				GCC_PREPROCESSOR_DEFINITIONS = (
					"DEBUG=1",
					"$(inherited)",
				);
				GCC_WARN_64_TO_32_BIT_CONVERSION = YES;
				GCC_WARN_ABOUT_RETURN_TYPE = YES_ERROR;
				GCC_WARN_UNDECLARED_SELECTOR = YES;
				GCC_WARN_UNINITIALIZED_AUTOS = YES_AGGRESSIVE;
				GCC_WARN_UNUSED_FUNCTION = YES;
				GCC_WARN_UNUSED_VARIABLE = YES;
				IPHONEOS_DEPLOYMENT_TARGET = 10.3;
				MTL_ENABLE_DEBUG_INFO = YES;
				ONLY_ACTIVE_ARCH = YES;
				SDKROOT = iphoneos;
			};
			name = Debug;
		};
		C431D9D31EC03F150081799B /* Release */ = {
			isa = XCBuildConfiguration;
			buildSettings = {
				ALWAYS_SEARCH_USER_PATHS = NO;
				CLANG_ANALYZER_NONNULL = YES;
				CLANG_ANALYZER_NUMBER_OBJECT_CONVERSION = YES_AGGRESSIVE;
				CLANG_CXX_LANGUAGE_STANDARD = "gnu++0x";
				CLANG_CXX_LIBRARY = "libc++";
				CLANG_ENABLE_MODULES = YES;
				CLANG_ENABLE_OBJC_ARC = YES;
				CLANG_WARN_BOOL_CONVERSION = YES;
				CLANG_WARN_CONSTANT_CONVERSION = YES;
				CLANG_WARN_DIRECT_OBJC_ISA_USAGE = YES_ERROR;
				CLANG_WARN_DOCUMENTATION_COMMENTS = YES;
				CLANG_WARN_EMPTY_BODY = YES;
				CLANG_WARN_ENUM_CONVERSION = YES;
				CLANG_WARN_INFINITE_RECURSION = YES;
				CLANG_WARN_INT_CONVERSION = YES;
				CLANG_WARN_OBJC_ROOT_CLASS = YES_ERROR;
				CLANG_WARN_SUSPICIOUS_MOVE = YES;
				CLANG_WARN_UNREACHABLE_CODE = YES;
				CLANG_WARN__DUPLICATE_METHOD_MATCH = YES;
				"CODE_SIGN_IDENTITY[sdk=iphoneos*]" = "iPhone Developer";
				COPY_PHASE_STRIP = NO;
				DEBUG_INFORMATION_FORMAT = "dwarf-with-dsym";
				ENABLE_NS_ASSERTIONS = NO;
				ENABLE_STRICT_OBJC_MSGSEND = YES;
				GCC_C_LANGUAGE_STANDARD = gnu99;
				GCC_NO_COMMON_BLOCKS = YES;
				GCC_WARN_64_TO_32_BIT_CONVERSION = YES;
				GCC_WARN_ABOUT_RETURN_TYPE = YES_ERROR;
				GCC_WARN_UNDECLARED_SELECTOR = YES;
				GCC_WARN_UNINITIALIZED_AUTOS = YES_AGGRESSIVE;
				GCC_WARN_UNUSED_FUNCTION = YES;
				GCC_WARN_UNUSED_VARIABLE = YES;
				IPHONEOS_DEPLOYMENT_TARGET = 10.3;
				MTL_ENABLE_DEBUG_INFO = NO;
				SDKROOT = iphoneos;
				VALIDATE_PRODUCT = YES;
			};
			name = Release;
		};
		C431D9D51EC03F150081799B /* Debug */ = {
			isa = XCBuildConfiguration;
			buildSettings = {
				ASSETCATALOG_COMPILER_APPICON_NAME = AppIcon;
				DEVELOPMENT_TEAM = 8JQ2PK6XN8;
				INFOPLIST_FILE = BAAlert/Info.plist;
				IPHONEOS_DEPLOYMENT_TARGET = 8.0;
				LD_RUNPATH_SEARCH_PATHS = "$(inherited) @executable_path/Frameworks";
				PRODUCT_BUNDLE_IDENTIFIER = com.boaihome.BAAlert;
				PRODUCT_NAME = "$(TARGET_NAME)";
			};
			name = Debug;
		};
		C431D9D61EC03F150081799B /* Release */ = {
			isa = XCBuildConfiguration;
			buildSettings = {
				ASSETCATALOG_COMPILER_APPICON_NAME = AppIcon;
				DEVELOPMENT_TEAM = 8JQ2PK6XN8;
				INFOPLIST_FILE = BAAlert/Info.plist;
				IPHONEOS_DEPLOYMENT_TARGET = 8.0;
				LD_RUNPATH_SEARCH_PATHS = "$(inherited) @executable_path/Frameworks";
				PRODUCT_BUNDLE_IDENTIFIER = com.boaihome.BAAlert;
				PRODUCT_NAME = "$(TARGET_NAME)";
			};
			name = Release;
		};
/* End XCBuildConfiguration section */

/* Begin XCConfigurationList section */
		C431D9B81EC03F150081799B /* Build configuration list for PBXProject "BAAlert" */ = {
			isa = XCConfigurationList;
			buildConfigurations = (
				C431D9D21EC03F150081799B /* Debug */,
				C431D9D31EC03F150081799B /* Release */,
			);
			defaultConfigurationIsVisible = 0;
			defaultConfigurationName = Release;
		};
		C431D9D41EC03F150081799B /* Build configuration list for PBXNativeTarget "BAAlert" */ = {
			isa = XCConfigurationList;
			buildConfigurations = (
				C431D9D51EC03F150081799B /* Debug */,
				C431D9D61EC03F150081799B /* Release */,
			);
			defaultConfigurationIsVisible = 0;
			defaultConfigurationName = Release;
		};
/* End XCConfigurationList section */
	};
	rootObject = C431D9B51EC03F150081799B /* Project object */;
}
